
Microsoft Visual Studio Solution File, Format Version 12.00
Project("{2150E333-8FDC-42A3-9474-1A3956D46DE8}") = "Gateway", "Gateway", "{A39DA4CC-3690-4F5F-A22F-89CA1698A050}"
EndProject
Project("{2150E333-8FDC-42A3-9474-1A3956D46DE8}") = "src", "src", "{7CAB6743-7E0E-4B15-B6A0-B365C0082CFD}"
EndProject
Project("{2150E333-8FDC-42A3-9474-1A3956D46DE8}") = "Identity", "Identity", "{481DEAA7-AEA4-4855-B9EA-737CC59F81FF}"
EndProject
Project("{2150E333-8FDC-42A3-9474-1A3956D46DE8}") = "src", "src", "{B3FA3D8C-175F-4150-870A-DDC209C6A101}"
EndProject
Project("{FAE04EC0-301F-11D3-BF4B-00C04F79EFBC}") = "VirtualFreezer.Identity", "Identity\src\VirtualFreezer.Identity\VirtualFreezer.Identity.csproj", "{BECDA4F0-CE79-4FE5-BBD5-3513646A0F12}"
EndProject
Project("{FAE04EC0-301F-11D3-BF4B-00C04F79EFBC}") = "VirtualFreezer.Gateway", "Getaway\src\VirtualFreezer.Gateway\VirtualFreezer.Gateway.csproj", "{70C9AF2D-44A3-42B8-BF2C-04FEA8DBE9BE}"
EndProject
Project("{2150E333-8FDC-42A3-9474-1A3956D46DE8}") = "Shared", "Shared", "{3D3FBE79-7333-46DA-8D35-FEFF41D03D1C}"
EndProject
Project("{2150E333-8FDC-42A3-9474-1A3956D46DE8}") = "MessageContracts", "MessageContracts", "{4F5E152A-94FD-446C-B7F8-F99E0C648BA2}"
EndProject
Project("{FAE04EC0-301F-11D3-BF4B-00C04F79EFBC}") = "VirtualFreezer.Shared.MessageContracts", "Shared\MessageContracts\VirtualFreezer.Shared.MessageContracts.csproj", "{3CA86128-E669-4EA3-8776-C25D520150DA}"
EndProject
Project("{2150E333-8FDC-42A3-9474-1A3956D46DE8}") = "Infrastructure", "Infrastructure", "{FD2463AF-1DEF-4AAF-97CA-E7B0CD709D2B}"
EndProject
Project("{FAE04EC0-301F-11D3-BF4B-00C04F79EFBC}") = "VirtualFreezer.Shared.Infrastructure", "Shared\Infrastructure\VirtualFreezer.Shared.Infrastructure.csproj", "{31818E85-EFD7-481E-BFA6-A2DD59D4D03A}"
EndProject
Project("{2150E333-8FDC-42A3-9474-1A3956D46DE8}") = "ProductDefinitions", "ProductDefinitions", "{B580CC41-4903-427D-BC7F-E181BDBD6DC4}"
EndProject
Project("{2150E333-8FDC-42A3-9474-1A3956D46DE8}") = "src", "src", "{25DB8191-0F7B-4B79-9103-FD2457A45819}"
EndProject
Project("{FAE04EC0-301F-11D3-BF4B-00C04F79EFBC}") = "VirtualFreezer.ProductDefinitions.Api", "ProductDefinitions\src\VirtualFreezer.ProductDefinitions.Api\VirtualFreezer.ProductDefinitions.Api.csproj", "{E83AD508-080A-4963-BAA8-ADD4EA653FFB}"
EndProject
Project("{2150E333-8FDC-42A3-9474-1A3956D46DE8}") = "Products", "Products", "{13D86E3F-EA41-400D-9CA3-F0F5C7302DAB}"
EndProject
Project("{2150E333-8FDC-42A3-9474-1A3956D46DE8}") = "src", "src", "{87B9F409-1724-45D2-BED1-6631AA2A739B}"
EndProject
Project("{FAE04EC0-301F-11D3-BF4B-00C04F79EFBC}") = "VirtualFreezer.Products.Api", "Products\src\VirtualFreezer.Products.Api\VirtualFreezer.Products.Api.csproj", "{DA42FDB0-46DA-45F5-824C-F2D53AF86550}"
EndProject
Project("{2150E333-8FDC-42A3-9474-1A3956D46DE8}") = "Notifications", "Notifications", "{E3D1A62E-1A7C-4930-92A7-DCABEBD2E5F5}"
EndProject
Project("{2150E333-8FDC-42A3-9474-1A3956D46DE8}") = "src", "src", "{9B5D26F3-3CDE-4275-82DE-567F53007FBF}"
EndProject
Project("{FAE04EC0-301F-11D3-BF4B-00C04F79EFBC}") = "VirtualFreezer.Notifications.Api", "Notifications\src\VirtualFreezer.Notifications.Api\VirtualFreezer.Notifications.Api.csproj", "{8A4C40AA-1A58-43FD-B297-259BC2EBAB6B}"
EndProject
Project("{FAE04EC0-301F-11D3-BF4B-00C04F79EFBC}") = "VirtualFreezer.Identity.Domain", "Identity\src\VirtualFreezer.Identity.Domain\VirtualFreezer.Identity.Domain.csproj", "{D8F9C52F-DDFD-4CB5-804C-82DB8D55D1EE}"
EndProject
Project("{FAE04EC0-301F-11D3-BF4B-00C04F79EFBC}") = "VirtualFreezer.Identity.Application", "Identity\src\VirtualFreezer.Identity.Application\VirtualFreezer.Identity.Application.csproj", "{53AC824F-D32B-4860-8D90-C7D52105D1C2}"
EndProject
Project("{FAE04EC0-301F-11D3-BF4B-00C04F79EFBC}") = "VirtualFreezer.Identity.Infrastructure", "Identity\src\VirtualFreezer.Identity.Infrastructure\VirtualFreezer.Identity.Infrastructure.csproj", "{C49FA976-9B11-4E5A-81EC-C707692D61CF}"
EndProject
Global
	GlobalSection(SolutionConfigurationPlatforms) = preSolution
		Debug|Any CPU = Debug|Any CPU
		Release|Any CPU = Release|Any CPU
	EndGlobalSection
	GlobalSection(ProjectConfigurationPlatforms) = postSolution
		{BECDA4F0-CE79-4FE5-BBD5-3513646A0F12}.Debug|Any CPU.ActiveCfg = Debug|Any CPU
		{BECDA4F0-CE79-4FE5-BBD5-3513646A0F12}.Debug|Any CPU.Build.0 = Debug|Any CPU
		{BECDA4F0-CE79-4FE5-BBD5-3513646A0F12}.Release|Any CPU.ActiveCfg = Release|Any CPU
		{BECDA4F0-CE79-4FE5-BBD5-3513646A0F12}.Release|Any CPU.Build.0 = Release|Any CPU
		{70C9AF2D-44A3-42B8-BF2C-04FEA8DBE9BE}.Debug|Any CPU.ActiveCfg = Debug|Any CPU
		{70C9AF2D-44A3-42B8-BF2C-04FEA8DBE9BE}.Debug|Any CPU.Build.0 = Debug|Any CPU
		{70C9AF2D-44A3-42B8-BF2C-04FEA8DBE9BE}.Release|Any CPU.ActiveCfg = Release|Any CPU
		{70C9AF2D-44A3-42B8-BF2C-04FEA8DBE9BE}.Release|Any CPU.Build.0 = Release|Any CPU
		{3CA86128-E669-4EA3-8776-C25D520150DA}.Debug|Any CPU.ActiveCfg = Debug|Any CPU
		{3CA86128-E669-4EA3-8776-C25D520150DA}.Debug|Any CPU.Build.0 = Debug|Any CPU
		{3CA86128-E669-4EA3-8776-C25D520150DA}.Release|Any CPU.ActiveCfg = Release|Any CPU
		{3CA86128-E669-4EA3-8776-C25D520150DA}.Release|Any CPU.Build.0 = Release|Any CPU
		{31818E85-EFD7-481E-BFA6-A2DD59D4D03A}.Debug|Any CPU.ActiveCfg = Debug|Any CPU
		{31818E85-EFD7-481E-BFA6-A2DD59D4D03A}.Debug|Any CPU.Build.0 = Debug|Any CPU
		{31818E85-EFD7-481E-BFA6-A2DD59D4D03A}.Release|Any CPU.ActiveCfg = Release|Any CPU
		{31818E85-EFD7-481E-BFA6-A2DD59D4D03A}.Release|Any CPU.Build.0 = Release|Any CPU
		{E83AD508-080A-4963-BAA8-ADD4EA653FFB}.Debug|Any CPU.ActiveCfg = Debug|Any CPU
		{E83AD508-080A-4963-BAA8-ADD4EA653FFB}.Debug|Any CPU.Build.0 = Debug|Any CPU
		{E83AD508-080A-4963-BAA8-ADD4EA653FFB}.Release|Any CPU.ActiveCfg = Release|Any CPU
		{E83AD508-080A-4963-BAA8-ADD4EA653FFB}.Release|Any CPU.Build.0 = Release|Any CPU
		{DA42FDB0-46DA-45F5-824C-F2D53AF86550}.Debug|Any CPU.ActiveCfg = Debug|Any CPU
		{DA42FDB0-46DA-45F5-824C-F2D53AF86550}.Debug|Any CPU.Build.0 = Debug|Any CPU
		{DA42FDB0-46DA-45F5-824C-F2D53AF86550}.Release|Any CPU.ActiveCfg = Release|Any CPU
		{DA42FDB0-46DA-45F5-824C-F2D53AF86550}.Release|Any CPU.Build.0 = Release|Any CPU
		{8A4C40AA-1A58-43FD-B297-259BC2EBAB6B}.Debug|Any CPU.ActiveCfg = Debug|Any CPU
		{8A4C40AA-1A58-43FD-B297-259BC2EBAB6B}.Debug|Any CPU.Build.0 = Debug|Any CPU
		{8A4C40AA-1A58-43FD-B297-259BC2EBAB6B}.Release|Any CPU.ActiveCfg = Release|Any CPU
		{8A4C40AA-1A58-43FD-B297-259BC2EBAB6B}.Release|Any CPU.Build.0 = Release|Any CPU
		{D8F9C52F-DDFD-4CB5-804C-82DB8D55D1EE}.Debug|Any CPU.ActiveCfg = Debug|Any CPU
		{D8F9C52F-DDFD-4CB5-804C-82DB8D55D1EE}.Debug|Any CPU.Build.0 = Debug|Any CPU
		{D8F9C52F-DDFD-4CB5-804C-82DB8D55D1EE}.Release|Any CPU.ActiveCfg = Release|Any CPU
		{D8F9C52F-DDFD-4CB5-804C-82DB8D55D1EE}.Release|Any CPU.Build.0 = Release|Any CPU
		{53AC824F-D32B-4860-8D90-C7D52105D1C2}.Debug|Any CPU.ActiveCfg = Debug|Any CPU
		{53AC824F-D32B-4860-8D90-C7D52105D1C2}.Debug|Any CPU.Build.0 = Debug|Any CPU
		{53AC824F-D32B-4860-8D90-C7D52105D1C2}.Release|Any CPU.ActiveCfg = Release|Any CPU
		{53AC824F-D32B-4860-8D90-C7D52105D1C2}.Release|Any CPU.Build.0 = Release|Any CPU
		{C49FA976-9B11-4E5A-81EC-C707692D61CF}.Debug|Any CPU.ActiveCfg = Debug|Any CPU
		{C49FA976-9B11-4E5A-81EC-C707692D61CF}.Debug|Any CPU.Build.0 = Debug|Any CPU
		{C49FA976-9B11-4E5A-81EC-C707692D61CF}.Release|Any CPU.ActiveCfg = Release|Any CPU
		{C49FA976-9B11-4E5A-81EC-C707692D61CF}.Release|Any CPU.Build.0 = Release|Any CPU
	EndGlobalSection
	GlobalSection(NestedProjects) = preSolution
		{7CAB6743-7E0E-4B15-B6A0-B365C0082CFD} = {A39DA4CC-3690-4F5F-A22F-89CA1698A050}
		{B3FA3D8C-175F-4150-870A-DDC209C6A101} = {481DEAA7-AEA4-4855-B9EA-737CC59F81FF}
		{BECDA4F0-CE79-4FE5-BBD5-3513646A0F12} = {B3FA3D8C-175F-4150-870A-DDC209C6A101}
		{70C9AF2D-44A3-42B8-BF2C-04FEA8DBE9BE} = {7CAB6743-7E0E-4B15-B6A0-B365C0082CFD}
		{4F5E152A-94FD-446C-B7F8-F99E0C648BA2} = {3D3FBE79-7333-46DA-8D35-FEFF41D03D1C}
		{3CA86128-E669-4EA3-8776-C25D520150DA} = {4F5E152A-94FD-446C-B7F8-F99E0C648BA2}
		{FD2463AF-1DEF-4AAF-97CA-E7B0CD709D2B} = {3D3FBE79-7333-46DA-8D35-FEFF41D03D1C}
		{31818E85-EFD7-481E-BFA6-A2DD59D4D03A} = {FD2463AF-1DEF-4AAF-97CA-E7B0CD709D2B}
		{25DB8191-0F7B-4B79-9103-FD2457A45819} = {B580CC41-4903-427D-BC7F-E181BDBD6DC4}
		{E83AD508-080A-4963-BAA8-ADD4EA653FFB} = {25DB8191-0F7B-4B79-9103-FD2457A45819}
		{87B9F409-1724-45D2-BED1-6631AA2A739B} = {13D86E3F-EA41-400D-9CA3-F0F5C7302DAB}
		{DA42FDB0-46DA-45F5-824C-F2D53AF86550} = {87B9F409-1724-45D2-BED1-6631AA2A739B}
		{9B5D26F3-3CDE-4275-82DE-567F53007FBF} = {E3D1A62E-1A7C-4930-92A7-DCABEBD2E5F5}
		{8A4C40AA-1A58-43FD-B297-259BC2EBAB6B} = {9B5D26F3-3CDE-4275-82DE-567F53007FBF}
		{D8F9C52F-DDFD-4CB5-804C-82DB8D55D1EE} = {B3FA3D8C-175F-4150-870A-DDC209C6A101}
		{53AC824F-D32B-4860-8D90-C7D52105D1C2} = {B3FA3D8C-175F-4150-870A-DDC209C6A101}
		{C49FA976-9B11-4E5A-81EC-C707692D61CF} = {B3FA3D8C-175F-4150-870A-DDC209C6A101}
	EndGlobalSection
EndGlobal
